
Microsoft Visual Studio Solution File, Format Version 12.00
# Visual Studio Version 16
VisualStudioVersion = 16.0.31911.196
MinimumVisualStudioVersion = 10.0.40219.1
Project("{9A19103F-16F7-4668-BE54-9A1E7A4F7556}") = "MicroRabbit.Domain.Core", "MicroRabbit.Domain.Core\MicroRabbit.Domain.Core.csproj", "{E36EE93A-B6C4-44C3-AEBF-04B98D3292C7}"
EndProject
Project("{2150E333-8FDC-42A3-9474-1A3956D46DE8}") = "Domain", "Domain", "{FC0A573A-0F8A-4057-9EC0-ED42C10CB3A3}"
EndProject
Project("{2150E333-8FDC-42A3-9474-1A3956D46DE8}") = "Infra.Bus", "Infra.Bus", "{C54E0A32-AF0F-4C65-9131-924FC0543660}"
EndProject
Project("{2150E333-8FDC-42A3-9474-1A3956D46DE8}") = "Infra.IoC", "Infra.IoC", "{E69A50F1-B128-458E-AD98-12D60435188E}"
EndProject
Project("{2150E333-8FDC-42A3-9474-1A3956D46DE8}") = "Microservices", "Microservices", "{9C0CBBDE-7FE5-48B6-AE9A-2B13170ED3B8}"
EndProject
Project("{2150E333-8FDC-42A3-9474-1A3956D46DE8}") = "Presentation", "Presentation", "{B198AAAF-4103-4305-8D09-82FF45F93F49}"
EndProject
Project("{9A19103F-16F7-4668-BE54-9A1E7A4F7556}") = "MicroRabbit.Infra.Bus", "MicroRabbit.Infra.Bus\MicroRabbit.Infra.Bus.csproj", "{BF7A2068-D8DF-4DFE-A7EB-BEDE2DD2216C}"
EndProject
Project("{9A19103F-16F7-4668-BE54-9A1E7A4F7556}") = "MicroRabbit.Infra.IoC", "MicroRabbit.Infra.IoC\MicroRabbit.Infra.IoC.csproj", "{184FFDD0-E351-44E6-9591-69A2D9D0980F}"
EndProject
Project("{2150E333-8FDC-42A3-9474-1A3956D46DE8}") = "Banking", "Banking", "{641C3906-3E25-4CA6-B575-1A3FDC849459}"
EndProject
Project("{2150E333-8FDC-42A3-9474-1A3956D46DE8}") = "Application", "Application", "{4E188A67-8945-4F77-9CB9-7893D48C953A}"
EndProject
Project("{2150E333-8FDC-42A3-9474-1A3956D46DE8}") = "Api", "Api", "{0C2D0C69-F8A4-40BB-84B1-66FBCC91B6D1}"
EndProject
Project("{2150E333-8FDC-42A3-9474-1A3956D46DE8}") = "Data", "Data", "{5FAC91DC-5187-4CDA-8DF2-330F9AF26595}"
EndProject
Project("{2150E333-8FDC-42A3-9474-1A3956D46DE8}") = "Domain", "Domain", "{91AAB96D-ADCC-4D1F-86A9-427DEB047410}"
EndProject
Project("{FAE04EC0-301F-11D3-BF4B-00C04F79EFBC}") = "MicroRabbit.Banking.Api", "MicroRabbit.Banking.Api\MicroRabbit.Banking.Api.csproj", "{4DD77C4B-AA0B-46AF-8695-A2D166D6908B}"
EndProject
Project("{FAE04EC0-301F-11D3-BF4B-00C04F79EFBC}") = "MicroRabbit.Banking.Applicaion.", "MicroRabbit.Banking.Applicaion\MicroRabbit.Banking.Applicaion..csproj", "{16C10D86-52A9-4B86-875C-C1BCC32C5997}"
EndProject
Project("{FAE04EC0-301F-11D3-BF4B-00C04F79EFBC}") = "MicroRabbit.Banking.Domain", "MicroRabbit.Banking.Domain\MicroRabbit.Banking.Domain.csproj", "{6ACF51C7-9CF4-462A-A2FC-9DD42C4ADCCA}"
EndProject
Project("{FAE04EC0-301F-11D3-BF4B-00C04F79EFBC}") = "MicroRabbit.Banking.Data", "MicroRabbit.Banking.Data\MicroRabbit.Banking.Data.csproj", "{745E7E65-5E84-459D-9568-54C88BF85E6E}"
EndProject
Global
	GlobalSection(SolutionConfigurationPlatforms) = preSolution
		Debug|Any CPU = Debug|Any CPU
		Release|Any CPU = Release|Any CPU
	EndGlobalSection
	GlobalSection(ProjectConfigurationPlatforms) = postSolution
		{E36EE93A-B6C4-44C3-AEBF-04B98D3292C7}.Debug|Any CPU.ActiveCfg = Debug|Any CPU
		{E36EE93A-B6C4-44C3-AEBF-04B98D3292C7}.Debug|Any CPU.Build.0 = Debug|Any CPU
		{E36EE93A-B6C4-44C3-AEBF-04B98D3292C7}.Release|Any CPU.ActiveCfg = Release|Any CPU
		{E36EE93A-B6C4-44C3-AEBF-04B98D3292C7}.Release|Any CPU.Build.0 = Release|Any CPU
		{BF7A2068-D8DF-4DFE-A7EB-BEDE2DD2216C}.Debug|Any CPU.ActiveCfg = Debug|Any CPU
		{BF7A2068-D8DF-4DFE-A7EB-BEDE2DD2216C}.Debug|Any CPU.Build.0 = Debug|Any CPU
		{BF7A2068-D8DF-4DFE-A7EB-BEDE2DD2216C}.Release|Any CPU.ActiveCfg = Release|Any CPU
		{BF7A2068-D8DF-4DFE-A7EB-BEDE2DD2216C}.Release|Any CPU.Build.0 = Release|Any CPU
		{184FFDD0-E351-44E6-9591-69A2D9D0980F}.Debug|Any CPU.ActiveCfg = Debug|Any CPU
		{184FFDD0-E351-44E6-9591-69A2D9D0980F}.Debug|Any CPU.Build.0 = Debug|Any CPU
		{184FFDD0-E351-44E6-9591-69A2D9D0980F}.Release|Any CPU.ActiveCfg = Release|Any CPU
		{184FFDD0-E351-44E6-9591-69A2D9D0980F}.Release|Any CPU.Build.0 = Release|Any CPU
		{4DD77C4B-AA0B-46AF-8695-A2D166D6908B}.Debug|Any CPU.ActiveCfg = Debug|Any CPU
		{4DD77C4B-AA0B-46AF-8695-A2D166D6908B}.Debug|Any CPU.Build.0 = Debug|Any CPU
		{4DD77C4B-AA0B-46AF-8695-A2D166D6908B}.Release|Any CPU.ActiveCfg = Release|Any CPU
		{4DD77C4B-AA0B-46AF-8695-A2D166D6908B}.Release|Any CPU.Build.0 = Release|Any CPU
		{16C10D86-52A9-4B86-875C-C1BCC32C5997}.Debug|Any CPU.ActiveCfg = Debug|Any CPU
		{16C10D86-52A9-4B86-875C-C1BCC32C5997}.Debug|Any CPU.Build.0 = Debug|Any CPU
		{16C10D86-52A9-4B86-875C-C1BCC32C5997}.Release|Any CPU.ActiveCfg = Release|Any CPU
		{16C10D86-52A9-4B86-875C-C1BCC32C5997}.Release|Any CPU.Build.0 = Release|Any CPU
		{6ACF51C7-9CF4-462A-A2FC-9DD42C4ADCCA}.Debug|Any CPU.ActiveCfg = Debug|Any CPU
		{6ACF51C7-9CF4-462A-A2FC-9DD42C4ADCCA}.Debug|Any CPU.Build.0 = Debug|Any CPU
		{6ACF51C7-9CF4-462A-A2FC-9DD42C4ADCCA}.Release|Any CPU.ActiveCfg = Release|Any CPU
		{6ACF51C7-9CF4-462A-A2FC-9DD42C4ADCCA}.Release|Any CPU.Build.0 = Release|Any CPU
		{745E7E65-5E84-459D-9568-54C88BF85E6E}.Debug|Any CPU.ActiveCfg = Debug|Any CPU
		{745E7E65-5E84-459D-9568-54C88BF85E6E}.Debug|Any CPU.Build.0 = Debug|Any CPU
		{745E7E65-5E84-459D-9568-54C88BF85E6E}.Release|Any CPU.ActiveCfg = Release|Any CPU
		{745E7E65-5E84-459D-9568-54C88BF85E6E}.Release|Any CPU.Build.0 = Release|Any CPU
	EndGlobalSection
	GlobalSection(SolutionProperties) = preSolution
		HideSolutionNode = FALSE
	EndGlobalSection
	GlobalSection(NestedProjects) = preSolution
		{E36EE93A-B6C4-44C3-AEBF-04B98D3292C7} = {FC0A573A-0F8A-4057-9EC0-ED42C10CB3A3}
		{BF7A2068-D8DF-4DFE-A7EB-BEDE2DD2216C} = {C54E0A32-AF0F-4C65-9131-924FC0543660}
		{184FFDD0-E351-44E6-9591-69A2D9D0980F} = {E69A50F1-B128-458E-AD98-12D60435188E}
		{641C3906-3E25-4CA6-B575-1A3FDC849459} = {9C0CBBDE-7FE5-48B6-AE9A-2B13170ED3B8}
		{4E188A67-8945-4F77-9CB9-7893D48C953A} = {641C3906-3E25-4CA6-B575-1A3FDC849459}
		{0C2D0C69-F8A4-40BB-84B1-66FBCC91B6D1} = {641C3906-3E25-4CA6-B575-1A3FDC849459}
		{5FAC91DC-5187-4CDA-8DF2-330F9AF26595} = {641C3906-3E25-4CA6-B575-1A3FDC849459}
		{91AAB96D-ADCC-4D1F-86A9-427DEB047410} = {641C3906-3E25-4CA6-B575-1A3FDC849459}
		{4DD77C4B-AA0B-46AF-8695-A2D166D6908B} = {0C2D0C69-F8A4-40BB-84B1-66FBCC91B6D1}
		{16C10D86-52A9-4B86-875C-C1BCC32C5997} = {4E188A67-8945-4F77-9CB9-7893D48C953A}
		{6ACF51C7-9CF4-462A-A2FC-9DD42C4ADCCA} = {91AAB96D-ADCC-4D1F-86A9-427DEB047410}
		{745E7E65-5E84-459D-9568-54C88BF85E6E} = {5FAC91DC-5187-4CDA-8DF2-330F9AF26595}
	EndGlobalSection
	GlobalSection(ExtensibilityGlobals) = postSolution
		SolutionGuid = {DA72D779-855A-49F7-AB3D-42F1AC264D8C}
	EndGlobalSection
EndGlobal
